// !$*UTF8*$!
{
	archiveVersion = 1;
	classes = {
	};
	objectVersion = 77;
	objects = {

/* Begin PBXContainerItemProxy section */
		DE7CA4372CEA4CBB000C8CE9 /* PBXContainerItemProxy */ = {
			isa = PBXContainerItemProxy;
			containerPortal = DE7CA4182CEA4CB9000C8CE9 /* Project object */;
			proxyType = 1;
			remoteGlobalIDString = DE7CA41F2CEA4CB9000C8CE9;
			remoteInfo = ActividadPeliculas1;
		};
		DE7CA4412CEA4CBB000C8CE9 /* PBXContainerItemProxy */ = {
			isa = PBXContainerItemProxy;
			containerPortal = DE7CA4182CEA4CB9000C8CE9 /* Project object */;
			proxyType = 1;
			remoteGlobalIDString = DE7CA41F2CEA4CB9000C8CE9;
			remoteInfo = ActividadPeliculas1;
		};
/* End PBXContainerItemProxy section */

/* Begin PBXFileReference section */
		DE7CA4202CEA4CB9000C8CE9 /* ActividadPeliculas1.app */ = {isa = PBXFileReference; explicitFileType = wrapper.application; includeInIndex = 0; path = ActividadPeliculas1.app; sourceTree = BUILT_PRODUCTS_DIR; };
		DE7CA4362CEA4CBB000C8CE9 /* ActividadPeliculas1Tests.xctest */ = {isa = PBXFileReference; explicitFileType = wrapper.cfbundle; includeInIndex = 0; path = ActividadPeliculas1Tests.xctest; sourceTree = BUILT_PRODUCTS_DIR; };
		DE7CA4402CEA4CBB000C8CE9 /* ActividadPeliculas1UITests.xctest */ = {isa = PBXFileReference; explicitFileType = wrapper.cfbundle; includeInIndex = 0; path = ActividadPeliculas1UITests.xctest; sourceTree = BUILT_PRODUCTS_DIR; };
/* End PBXFileReference section */

/* Begin PBXFileSystemSynchronizedBuildFileExceptionSet section */
		DE7CA4482CEA4CBB000C8CE9 /* Exceptions for "ActividadPeliculas1" folder in "ActividadPeliculas1" target */ = {
			isa = PBXFileSystemSynchronizedBuildFileExceptionSet;
			membershipExceptions = (
				Info.plist,
			);
			target = DE7CA41F2CEA4CB9000C8CE9 /* ActividadPeliculas1 */;
		};
/* End PBXFileSystemSynchronizedBuildFileExceptionSet section */

/* Begin PBXFileSystemSynchronizedRootGroup section */
		DE7CA4222CEA4CB9000C8CE9 /* ActividadPeliculas1 */ = {
			isa = PBXFileSystemSynchronizedRootGroup;
			exceptions = (
				DE7CA4482CEA4CBB000C8CE9 /* Exceptions for "ActividadPeliculas1" folder in "ActividadPeliculas1" target */,
			);
			path = ActividadPeliculas1;
			sourceTree = "<group>";
		};
		DE7CA4392CEA4CBB000C8CE9 /* ActividadPeliculas1Tests */ = {
			isa = PBXFileSystemSynchronizedRootGroup;
			path = ActividadPeliculas1Tests;
			sourceTree = "<group>";
		};
		DE7CA4432CEA4CBB000C8CE9 /* ActividadPeliculas1UITests */ = {
			isa = PBXFileSystemSynchronizedRootGroup;
			path = ActividadPeliculas1UITests;
			sourceTree = "<group>";
		};
/* End PBXFileSystemSynchronizedRootGroup section */

/* Begin PBXFrameworksBuildPhase section */
		DE7CA41D2CEA4CB9000C8CE9 /* Frameworks */ = {
			isa = PBXFrameworksBuildPhase;
			buildActionMask = 2147483647;
			files = (
			);
			runOnlyForDeploymentPostprocessing = 0;
		};
		DE7CA4332CEA4CBB000C8CE9 /* Frameworks */ = {
			isa = PBXFrameworksBuildPhase;
			buildActionMask = 2147483647;
			files = (
			);
			runOnlyForDeploymentPostprocessing = 0;
		};
		DE7CA43D2CEA4CBB000C8CE9 /* Frameworks */ = {
			isa = PBXFrameworksBuildPhase;
			buildActionMask = 2147483647;
			files = (
			);
			runOnlyForDeploymentPostprocessing = 0;
		};
/* End PBXFrameworksBuildPhase section */

/* Begin PBXGroup section */
		DE7CA4172CEA4CB9000C8CE9 = {
			isa = PBXGroup;
			children = (
				DE7CA4222CEA4CB9000C8CE9 /* ActividadPeliculas1 */,
				DE7CA4392CEA4CBB000C8CE9 /* ActividadPeliculas1Tests */,
				DE7CA4432CEA4CBB000C8CE9 /* ActividadPeliculas1UITests */,
				DE7CA4212CEA4CB9000C8CE9 /* Products */,
			);
			sourceTree = "<group>";
		};
		DE7CA4212CEA4CB9000C8CE9 /* Products */ = {
			isa = PBXGroup;
			children = (
				DE7CA4202CEA4CB9000C8CE9 /* ActividadPeliculas1.app */,
				DE7CA4362CEA4CBB000C8CE9 /* ActividadPeliculas1Tests.xctest */,
				DE7CA4402CEA4CBB000C8CE9 /* ActividadPeliculas1UITests.xctest */,
			);
			name = Products;
			sourceTree = "<group>";
		};
/* End PBXGroup section */

/* Begin PBXNativeTarget section */
		DE7CA41F2CEA4CB9000C8CE9 /* ActividadPeliculas1 */ = {
			isa = PBXNativeTarget;
			buildConfigurationList = DE7CA4492CEA4CBB000C8CE9 /* Build configuration list for PBXNativeTarget "ActividadPeliculas1" */;
			buildPhases = (
				DE7CA41C2CEA4CB9000C8CE9 /* Sources */,
				DE7CA41D2CEA4CB9000C8CE9 /* Frameworks */,
				DE7CA41E2CEA4CB9000C8CE9 /* Resources */,
			);
			buildRules = (
			);
			dependencies = (
			);
			fileSystemSynchronizedGroups = (
				DE7CA4222CEA4CB9000C8CE9 /* ActividadPeliculas1 */,
			);
			name = ActividadPeliculas1;
			packageProductDependencies = (
			);
			productName = ActividadPeliculas1;
			productReference = DE7CA4202CEA4CB9000C8CE9 /* ActividadPeliculas1.app */;
			productType = "com.apple.product-type.application";
		};
		DE7CA4352CEA4CBB000C8CE9 /* ActividadPeliculas1Tests */ = {
			isa = PBXNativeTarget;
			buildConfigurationList = DE7CA44E2CEA4CBB000C8CE9 /* Build configuration list for PBXNativeTarget "ActividadPeliculas1Tests" */;
			buildPhases = (
				DE7CA4322CEA4CBB000C8CE9 /* Sources */,
				DE7CA4332CEA4CBB000C8CE9 /* Frameworks */,
				DE7CA4342CEA4CBB000C8CE9 /* Resources */,
			);
			buildRules = (
			);
			dependencies = (
				DE7CA4382CEA4CBB000C8CE9 /* PBXTargetDependency */,
			);
			fileSystemSynchronizedGroups = (
				DE7CA4392CEA4CBB000C8CE9 /* ActividadPeliculas1Tests */,
			);
			name = ActividadPeliculas1Tests;
			packageProductDependencies = (
			);
			productName = ActividadPeliculas1Tests;
			productReference = DE7CA4362CEA4CBB000C8CE9 /* ActividadPeliculas1Tests.xctest */;
			productType = "com.apple.product-type.bundle.unit-test";
		};
		DE7CA43F2CEA4CBB000C8CE9 /* ActividadPeliculas1UITests */ = {
			isa = PBXNativeTarget;
			buildConfigurationList = DE7CA4512CEA4CBB000C8CE9 /* Build configuration list for PBXNativeTarget "ActividadPeliculas1UITests" */;
			buildPhases = (
				DE7CA43C2CEA4CBB000C8CE9 /* Sources */,
				DE7CA43D2CEA4CBB000C8CE9 /* Frameworks */,
				DE7CA43E2CEA4CBB000C8CE9 /* Resources */,
			);
			buildRules = (
			);
			dependencies = (
				DE7CA4422CEA4CBB000C8CE9 /* PBXTargetDependency */,
			);
			fileSystemSynchronizedGroups = (
				DE7CA4432CEA4CBB000C8CE9 /* ActividadPeliculas1UITests */,
			);
			name = ActividadPeliculas1UITests;
			packageProductDependencies = (
			);
			productName = ActividadPeliculas1UITests;
			productReference = DE7CA4402CEA4CBB000C8CE9 /* ActividadPeliculas1UITests.xctest */;
			productType = "com.apple.product-type.bundle.ui-testing";
		};
/* End PBXNativeTarget section */

/* Begin PBXProject section */
		DE7CA4182CEA4CB9000C8CE9 /* Project object */ = {
			isa = PBXProject;
			attributes = {
				BuildIndependentTargetsInParallel = 1;
				LastSwiftUpdateCheck = 1610;
				LastUpgradeCheck = 1610;
				TargetAttributes = {
					DE7CA41F2CEA4CB9000C8CE9 = {
						CreatedOnToolsVersion = 16.1;
					};
					DE7CA4352CEA4CBB000C8CE9 = {
						CreatedOnToolsVersion = 16.1;
						TestTargetID = DE7CA41F2CEA4CB9000C8CE9;
					};
					DE7CA43F2CEA4CBB000C8CE9 = {
						CreatedOnToolsVersion = 16.1;
						TestTargetID = DE7CA41F2CEA4CB9000C8CE9;
					};
				};
			};
			buildConfigurationList = DE7CA41B2CEA4CB9000C8CE9 /* Build configuration list for PBXProject "ActividadPeliculas1" */;
			developmentRegion = en;
			hasScannedForEncodings = 0;
			knownRegions = (
				en,
				Base,
			);
			mainGroup = DE7CA4172CEA4CB9000C8CE9;
			minimizedProjectReferenceProxies = 1;
			preferredProjectObjectVersion = 77;
			productRefGroup = DE7CA4212CEA4CB9000C8CE9 /* Products */;
			projectDirPath = "";
			projectRoot = "";
			targets = (
				DE7CA41F2CEA4CB9000C8CE9 /* ActividadPeliculas1 */,
				DE7CA4352CEA4CBB000C8CE9 /* ActividadPeliculas1Tests */,
				DE7CA43F2CEA4CBB000C8CE9 /* ActividadPeliculas1UITests */,
			);
		};
/* End PBXProject section */

/* Begin PBXResourcesBuildPhase section */
		DE7CA41E2CEA4CB9000C8CE9 /* Resources */ = {
			isa = PBXResourcesBuildPhase;
			buildActionMask = 2147483647;
			files = (
			);
			runOnlyForDeploymentPostprocessing = 0;
		};
		DE7CA4342CEA4CBB000C8CE9 /* Resources */ = {
			isa = PBXResourcesBuildPhase;
			buildActionMask = 2147483647;
			files = (
			);
			runOnlyForDeploymentPostprocessing = 0;
		};
		DE7CA43E2CEA4CBB000C8CE9 /* Resources */ = {
			isa = PBXResourcesBuildPhase;
			buildActionMask = 2147483647;
			files = (
			);
			runOnlyForDeploymentPostprocessing = 0;
		};
/* End PBXResourcesBuildPhase section */

/* Begin PBXSourcesBuildPhase section */
		DE7CA41C2CEA4CB9000C8CE9 /* Sources */ = {
			isa = PBXSourcesBuildPhase;
			buildActionMask = 2147483647;
			files = (
			);
			runOnlyForDeploymentPostprocessing = 0;
		};
		DE7CA4322CEA4CBB000C8CE9 /* Sources */ = {
			isa = PBXSourcesBuildPhase;
			buildActionMask = 2147483647;
			files = (
			);
			runOnlyForDeploymentPostprocessing = 0;
		};
		DE7CA43C2CEA4CBB000C8CE9 /* Sources */ = {
			isa = PBXSourcesBuildPhase;
			buildActionMask = 2147483647;
			files = (
			);
			runOnlyForDeploymentPostprocessing = 0;
		};
/* End PBXSourcesBuildPhase section */

/* Begin PBXTargetDependency section */
		DE7CA4382CEA4CBB000C8CE9 /* PBXTargetDependency */ = {
			isa = PBXTargetDependency;
			target = DE7CA41F2CEA4CB9000C8CE9 /* ActividadPeliculas1 */;
			targetProxy = DE7CA4372CEA4CBB000C8CE9 /* PBXContainerItemProxy */;
		};
		DE7CA4422CEA4CBB000C8CE9 /* PBXTargetDependency */ = {
			isa = PBXTargetDependency;
			target = DE7CA41F2CEA4CB9000C8CE9 /* ActividadPeliculas1 */;
			targetProxy = DE7CA4412CEA4CBB000C8CE9 /* PBXContainerItemProxy */;
		};
/* End PBXTargetDependency section */

/* Begin XCBuildConfiguration section */
		DE7CA44A2CEA4CBB000C8CE9 /* Debug */ = {
			isa = XCBuildConfiguration;
			buildSettings = {
				ASSETCATALOG_COMPILER_APPICON_NAME = AppIcon;
				ASSETCATALOG_COMPILER_GLOBAL_ACCENT_COLOR_NAME = AccentColor;
				CODE_SIGN_STYLE = Automatic;
				CURRENT_PROJECT_VERSION = 1;
				DEVELOPMENT_TEAM = 68SX74UK93;
				GENERATE_INFOPLIST_FILE = YES;
				INFOPLIST_FILE = ActividadPeliculas1/Info.plist;
				INFOPLIST_KEY_UIApplicationSupportsIndirectInputEvents = YES;
				INFOPLIST_KEY_UILaunchStoryboardName = LaunchScreen;
				INFOPLIST_KEY_UIMainStoryboardFile = Main;
				INFOPLIST_KEY_UISupportedInterfaceOrientations_iPad = "UIInterfaceOrientationPortrait UIInterfaceOrientationPortraitUpsideDown UIInterfaceOrientationLandscapeLeft UIInterfaceOrientationLandscapeRight";
				INFOPLIST_KEY_UISupportedInterfaceOrientations_iPhone = "UIInterfaceOrientationPortrait UIInterfaceOrientationLandscapeLeft UIInterfaceOrientationLandscapeRight";
				LD_RUNPATH_SEARCH_PATHS = (
					"$(inherited)",
					"@executable_path/Frameworks",
				);
				MARKETING_VERSION = 1.0;
				PRODUCT_BUNDLE_IDENTIFIER = "u-tad.ActividadPeliculas1";
				PRODUCT_NAME = "$(TARGET_NAME)";
				SWIFT_EMIT_LOC_STRINGS = YES;
				SWIFT_VERSION = 5.0;
				TARGETED_DEVICE_FAMILY = "1,2";
			};
			name = Debug;
		};
		DE7CA44B2CEA4CBB000C8CE9 /* Release */ = {
			isa = XCBuildConfiguration;
			buildSettings = {
				ASSETCATALOG_COMPILER_APPICON_NAME = AppIcon;
				ASSETCATALOG_COMPILER_GLOBAL_ACCENT_COLOR_NAME = AccentColor;
				CODE_SIGN_STYLE = Automatic;
				CURRENT_PROJECT_VERSION = 1;
				DEVELOPMENT_TEAM = 68SX74UK93;
				GENERATE_INFOPLIST_FILE = YES;
				INFOPLIST_FILE = ActividadPeliculas1/Info.plist;
				INFOPLIST_KEY_UIApplicationSupportsIndirectInputEvents = YES;
				INFOPLIST_KEY_UILaunchStoryboardName = LaunchScreen;
				INFOPLIST_KEY_UIMainStoryboardFile = Main;
				INFOPLIST_KEY_UISupportedInterfaceOrientations_iPad = "UIInterfaceOrientationPortrait UIInterfaceOrientationPortraitUpsideDown UIInterfaceOrientationLandscapeLeft UIInterfaceOrientationLandscapeRight";
				INFOPLIST_KEY_UISupportedInterfaceOrientations_iPhone = "UIInterfaceOrientationPortrait UIInterfaceOrientationLandscapeLeft UIInterfaceOrientationLandscapeRight";
				LD_RUNPATH_SEARCH_PATHS = (
					"$(inherited)",
					"@executable_path/Frameworks",
				);
				MARKETING_VERSION = 1.0;
				PRODUCT_BUNDLE_IDENTIFIER = "u-tad.ActividadPeliculas1";
				PRODUCT_NAME = "$(TARGET_NAME)";
				SWIFT_EMIT_LOC_STRINGS = YES;
				SWIFT_VERSION = 5.0;
				TARGETED_DEVICE_FAMILY = "1,2";
			};
			name = Release;
		};
		DE7CA44C2CEA4CBB000C8CE9 /* Debug */ = {
			isa = XCBuildConfiguration;
			buildSettings = {
				ALWAYS_SEARCH_USER_PATHS = NO;
				ASSETCATALOG_COMPILER_GENERATE_SWIFT_ASSET_SYMBOL_EXTENSIONS = YES;
				CLANG_ANALYZER_NONNULL = YES;
				CLANG_ANALYZER_NUMBER_OBJECT_CONVERSION = YES_AGGRESSIVE;
				CLANG_CXX_LANGUAGE_STANDARD = "gnu++20";
				CLANG_ENABLE_MODULES = YES;
				CLANG_ENABLE_OBJC_ARC = YES;
				CLANG_ENABLE_OBJC_WEAK = YES;
				CLANG_WARN_BLOCK_CAPTURE_AUTORELEASING = YES;
				CLANG_WARN_BOOL_CONVERSION = YES;
				CLANG_WARN_COMMA = YES;
				CLANG_WARN_CONSTANT_CONVERSION = YES;
				CLANG_WARN_DEPRECATED_OBJC_IMPLEMENTATIONS = YES;
				CLANG_WARN_DIRECT_OBJC_ISA_USAGE = YES_ERROR;
				CLANG_WARN_DOCUMENTATION_COMMENTS = YES;
				CLANG_WARN_EMPTY_BODY = YES;
				CLANG_WARN_ENUM_CONVERSION = YES;
				CLANG_WARN_INFINITE_RECURSION = YES;
				CLANG_WARN_INT_CONVERSION = YES;
				CLANG_WARN_NON_LITERAL_NULL_CONVERSION = YES;
				CLANG_WARN_OBJC_IMPLICIT_RETAIN_SELF = YES;
				CLANG_WARN_OBJC_LITERAL_CONVERSION = YES;
				CLANG_WARN_OBJC_ROOT_CLASS = YES_ERROR;
				CLANG_WARN_QUOTED_INCLUDE_IN_FRAMEWORK_HEADER = YES;
				CLANG_WARN_RANGE_LOOP_ANALYSIS = YES;
				CLANG_WARN_STRICT_PROTOTYPES = YES;
				CLANG_WARN_SUSPICIOUS_MOVE = YES;
				CLANG_WARN_UNGUARDED_AVAILABILITY = YES_AGGRESSIVE;
				CLANG_WARN_UNREACHABLE_CODE = YES;
				CLANG_WARN__DUPLICATE_METHOD_MATCH = YES;
				COPY_PHASE_STRIP = NO;
				DEBUG_INFORMATION_FORMAT = dwarf;
				ENABLE_STRICT_OBJC_MSGSEND = YES;
				ENABLE_TESTABILITY = YES;
				ENABLE_USER_SCRIPT_SANDBOXING = YES;
				GCC_C_LANGUAGE_STANDARD = gnu17;
				GCC_DYNAMIC_NO_PIC = NO;
				GCC_NO_COMMON_BLOCKS = YES;
				GCC_OPTIMIZATION_LEVEL = 0;
				GCC_PREPROCESSOR_DEFINITIONS = (
					"DEBUG=1",
					"$(inherited)",
				);
				GCC_WARN_64_TO_32_BIT_CONVERSION = YES;
				GCC_WARN_ABOUT_RETURN_TYPE = YES_ERROR;
				GCC_WARN_UNDECLARED_SELECTOR = YES;
				GCC_WARN_UNINITIALIZED_AUTOS = YES_AGGRESSIVE;
				GCC_WARN_UNUSED_FUNCTION = YES;
				GCC_WARN_UNUSED_VARIABLE = YES;
				IPHONEOS_DEPLOYMENT_TARGET = 18.1;
				LOCALIZATION_PREFERS_STRING_CATALOGS = YES;
				MTL_ENABLE_DEBUG_INFO = INCLUDE_SOURCE;
				MTL_FAST_MATH = YES;
				ONLY_ACTIVE_ARCH = YES;
				SDKROOT = iphoneos;
				SWIFT_ACTIVE_COMPILATION_CONDITIONS = "DEBUG $(inherited)";
				SWIFT_OPTIMIZATION_LEVEL = "-Onone";
			};
			name = Debug;
		};
		DE7CA44D2CEA4CBB000C8CE9 /* Release */ = {
			isa = XCBuildConfiguration;
			buildSettings = {
				ALWAYS_SEARCH_USER_PATHS = NO;
				ASSETCATALOG_COMPILER_GENERATE_SWIFT_ASSET_SYMBOL_EXTENSIONS = YES;
				CLANG_ANALYZER_NONNULL = YES;
				CLANG_ANALYZER_NUMBER_OBJECT_CONVERSION = YES_AGGRESSIVE;
				CLANG_CXX_LANGUAGE_STANDARD = "gnu++20";
				CLANG_ENABLE_MODULES = YES;
				CLANG_ENABLE_OBJC_ARC = YES;
				CLANG_ENABLE_OBJC_WEAK = YES;
				CLANG_WARN_BLOCK_CAPTURE_AUTORELEASING = YES;
				CLANG_WARN_BOOL_CONVERSION = YES;
				CLANG_WARN_COMMA = YES;
				CLANG_WARN_CONSTANT_CONVERSION = YES;
				CLANG_WARN_DEPRECATED_OBJC_IMPLEMENTATIONS = YES;
				CLANG_WARN_DIRECT_OBJC_ISA_USAGE = YES_ERROR;
				CLANG_WARN_DOCUMENTATION_COMMENTS = YES;
				CLANG_WARN_EMPTY_BODY = YES;
				CLANG_WARN_ENUM_CONVERSION = YES;
				CLANG_WARN_INFINITE_RECURSION = YES;
				CLANG_WARN_INT_CONVERSION = YES;
				CLANG_WARN_NON_LITERAL_NULL_CONVERSION = YES;
				CLANG_WARN_OBJC_IMPLICIT_RETAIN_SELF = YES;
				CLANG_WARN_OBJC_LITERAL_CONVERSION = YES;
				CLANG_WARN_OBJC_ROOT_CLASS = YES_ERROR;
				CLANG_WARN_QUOTED_INCLUDE_IN_FRAMEWORK_HEADER = YES;
				CLANG_WARN_RANGE_LOOP_ANALYSIS = YES;
				CLANG_WARN_STRICT_PROTOTYPES = YES;
				CLANG_WARN_SUSPICIOUS_MOVE = YES;
				CLANG_WARN_UNGUARDED_AVAILABILITY = YES_AGGRESSIVE;
				CLANG_WARN_UNREACHABLE_CODE = YES;
				CLANG_WARN__DUPLICATE_METHOD_MATCH = YES;
				COPY_PHASE_STRIP = NO;
				DEBUG_INFORMATION_FORMAT = "dwarf-with-dsym";
				ENABLE_NS_ASSERTIONS = NO;
				ENABLE_STRICT_OBJC_MSGSEND = YES;
				ENABLE_USER_SCRIPT_SANDBOXING = YES;
				GCC_C_LANGUAGE_STANDARD = gnu17;
				GCC_NO_COMMON_BLOCKS = YES;
				GCC_WARN_64_TO_32_BIT_CONVERSION = YES;
				GCC_WARN_ABOUT_RETURN_TYPE = YES_ERROR;
				GCC_WARN_UNDECLARED_SELECTOR = YES;
				GCC_WARN_UNINITIALIZED_AUTOS = YES_AGGRESSIVE;
				GCC_WARN_UNUSED_FUNCTION = YES;
				GCC_WARN_UNUSED_VARIABLE = YES;
				IPHONEOS_DEPLOYMENT_TARGET = 18.1;
				LOCALIZATION_PREFERS_STRING_CATALOGS = YES;
				MTL_ENABLE_DEBUG_INFO = NO;
				MTL_FAST_MATH = YES;
				SDKROOT = iphoneos;
				SWIFT_COMPILATION_MODE = wholemodule;
				VALIDATE_PRODUCT = YES;
			};
			name = Release;
		};
		DE7CA44F2CEA4CBB000C8CE9 /* Debug */ = {
			isa = XCBuildConfiguration;
			buildSettings = {
				BUNDLE_LOADER = "$(TEST_HOST)";
				CODE_SIGN_STYLE = Automatic;
				CURRENT_PROJECT_VERSION = 1;
				DEVELOPMENT_TEAM = 68SX74UK93;
				GENERATE_INFOPLIST_FILE = YES;
				IPHONEOS_DEPLOYMENT_TARGET = 18.1;
				MARKETING_VERSION = 1.0;
				PRODUCT_BUNDLE_IDENTIFIER = "u-tad.ActividadPeliculas1Tests";
				PRODUCT_NAME = "$(TARGET_NAME)";
				SWIFT_EMIT_LOC_STRINGS = NO;
				SWIFT_VERSION = 5.0;
				TARGETED_DEVICE_FAMILY = "1,2";
				TEST_HOST = "$(BUILT_PRODUCTS_DIR)/ActividadPeliculas1.app/$(BUNDLE_EXECUTABLE_FOLDER_PATH)/ActividadPeliculas1";
			};
			name = Debug;
		};
		DE7CA4502CEA4CBB000C8CE9 /* Release */ = {
			isa = XCBuildConfiguration;
			buildSettings = {
				BUNDLE_LOADER = "$(TEST_HOST)";
				CODE_SIGN_STYLE = Automatic;
				CURRENT_PROJECT_VERSION = 1;
				DEVELOPMENT_TEAM = 68SX74UK93;
				GENERATE_INFOPLIST_FILE = YES;
				IPHONEOS_DEPLOYMENT_TARGET = 18.1;
				MARKETING_VERSION = 1.0;
				PRODUCT_BUNDLE_IDENTIFIER = "u-tad.ActividadPeliculas1Tests";
				PRODUCT_NAME = "$(TARGET_NAME)";
				SWIFT_EMIT_LOC_STRINGS = NO;
				SWIFT_VERSION = 5.0;
				TARGETED_DEVICE_FAMILY = "1,2";
				TEST_HOST = "$(BUILT_PRODUCTS_DIR)/ActividadPeliculas1.app/$(BUNDLE_EXECUTABLE_FOLDER_PATH)/ActividadPeliculas1";
			};
			name = Release;
		};
		DE7CA4522CEA4CBB000C8CE9 /* Debug */ = {
			isa = XCBuildConfiguration;
			buildSettings = {
				CODE_SIGN_STYLE = Automatic;
				CURRENT_PROJECT_VERSION = 1;
				DEVELOPMENT_TEAM = 68SX74UK93;
				GENERATE_INFOPLIST_FILE = YES;
				MARKETING_VERSION = 1.0;
				PRODUCT_BUNDLE_IDENTIFIER = "u-tad.ActividadPeliculas1UITests";
				PRODUCT_NAME = "$(TARGET_NAME)";
				SWIFT_EMIT_LOC_STRINGS = NO;
				SWIFT_VERSION = 5.0;
				TARGETED_DEVICE_FAMILY = "1,2";
				TEST_TARGET_NAME = ActividadPeliculas1;
			};
			name = Debug;
		};
		DE7CA4532CEA4CBB000C8CE9 /* Release */ = {
			isa = XCBuildConfiguration;
			buildSettings = {
				CODE_SIGN_STYLE = Automatic;
				CURRENT_PROJECT_VERSION = 1;
				DEVELOPMENT_TEAM = 68SX74UK93;
				GENERATE_INFOPLIST_FILE = YES;
				MARKETING_VERSION = 1.0;
				PRODUCT_BUNDLE_IDENTIFIER = "u-tad.ActividadPeliculas1UITests";
				PRODUCT_NAME = "$(TARGET_NAME)";
				SWIFT_EMIT_LOC_STRINGS = NO;
				SWIFT_VERSION = 5.0;
				TARGETED_DEVICE_FAMILY = "1,2";
				TEST_TARGET_NAME = ActividadPeliculas1;
			};
			name = Release;
		};
/* End XCBuildConfiguration section */

/* Begin XCConfigurationList section */
		DE7CA41B2CEA4CB9000C8CE9 /* Build configuration list for PBXProject "ActividadPeliculas1" */ = {
			isa = XCConfigurationList;
			buildConfigurations = (
				DE7CA44C2CEA4CBB000C8CE9 /* Debug */,
				DE7CA44D2CEA4CBB000C8CE9 /* Release */,
			);
			defaultConfigurationIsVisible = 0;
			defaultConfigurationName = Release;
		};
		DE7CA4492CEA4CBB000C8CE9 /* Build configuration list for PBXNativeTarget "ActividadPeliculas1" */ = {
			isa = XCConfigurationList;
			buildConfigurations = (
				DE7CA44A2CEA4CBB000C8CE9 /* Debug */,
				DE7CA44B2CEA4CBB000C8CE9 /* Release */,
			);
			defaultConfigurationIsVisible = 0;
			defaultConfigurationName = Release;
		};
		DE7CA44E2CEA4CBB000C8CE9 /* Build configuration list for PBXNativeTarget "ActividadPeliculas1Tests" */ = {
			isa = XCConfigurationList;
			buildConfigurations = (
				DE7CA44F2CEA4CBB000C8CE9 /* Debug */,
				DE7CA4502CEA4CBB000C8CE9 /* Release */,
			);
			defaultConfigurationIsVisible = 0;
			defaultConfigurationName = Release;
		};
		DE7CA4512CEA4CBB000C8CE9 /* Build configuration list for PBXNativeTarget "ActividadPeliculas1UITests" */ = {
			isa = XCConfigurationList;
			buildConfigurations = (
				DE7CA4522CEA4CBB000C8CE9 /* Debug */,
				DE7CA4532CEA4CBB000C8CE9 /* Release */,
			);
			defaultConfigurationIsVisible = 0;
			defaultConfigurationName = Release;
		};
/* End XCConfigurationList section */
	};
	rootObject = DE7CA4182CEA4CB9000C8CE9 /* Project object */;
}
